{
  "nodes": {
    "fenix": {
      "inputs": {
        "nixpkgs": [
          "nixpkgs"
        ],
        "rust-analyzer-src": "rust-analyzer-src"
      },
      "locked": {
        "lastModified": 1779612045,
        "narHash": "sha256-+7lfNVnmXJDkiRYHd5NoNwYoyUcc0LcXPaIJqjO7VWM=",
        "owner": "nix-community",
        "repo": "fenix",
        "rev": "d7be747f0a65af378de515fc3cee131bf99a008f",
        "type": "github"
      },
      "original": {
        "owner": "nix-community",
        "repo": "fenix",
        "type": "github"
      }
    },
    "flake-utils": {
      "inputs": {
        "systems": "systems"
      },
      "locked": {
        "lastModified": 1731533236,
        "narHash": "sha256-l0KFg5HjrsfsO/JpG+r7fRrqm12kzFHyUHqHCVpMMbI=",
        "owner": "numtide",
        "repo": "flake-utils",
        "rev": "11707dc2f618dd54ca8739b309ec4fc024de578b",
        "type": "github"
      },
      "original": {
        "owner": "numtide",
        "repo": "flake-utils",
        "type": "github"
      }
    },
    "helix-fork": {
      "flake": false,
      "locked": {
        "lastModified": 1778589524,
        "narHash": "sha256-2ZnuHPuhmJEaN1N7VzjPCiqMBLZScxoME9S2bysSFRQ=",
        "owner": "koalazub",
        "repo": "helix",
        "rev": "f8aad896525dd67375641c8dc5b324acc44d9425",
        "type": "github"
      },
      "original": {
        "owner": "koalazub",
        "ref": "feature/inline-image-rendering",
        "repo": "helix",
        "type": "github"
      }
    },
    "nixpkgs": {
      "locked": {
        "lastModified": 1779536132,
        "narHash": "sha256-q+fF42iv/geEbHfgSzy3tS0FF/EyD6XTZ98E6yxiBO8=",
        "owner": "NixOS",
        "repo": "nixpkgs",
        "rev": "3d8f0f3f72a6cd4d93d0ad13203f2ea1cb7e1456",
        "type": "github"
      },
      "original": {
        "owner": "NixOS",
        "ref": "nixpkgs-unstable",
        "repo": "nixpkgs",
        "type": "github"
      }
    },
    "root": {
      "inputs": {
        "fenix": "fenix",
        "flake-utils": "flake-utils",
        "helix-fork": "helix-fork",
        "nixpkgs": "nixpkgs",
        "rust-overlay": "rust-overlay"
      }
    },
    "rust-analyzer-src": {
      "flake": false,
      "locked": {
        "lastModified": 1779569060,
        "narHash": "sha256-NSnk5D+3KEfRdbgPijs33N2RAKSG6A74SwfnynLcouo=",
        "owner": "rust-lang",
        "repo": "rust-analyzer",
        "rev": "987ea33645ab1c709b1df6823038abcb2fe8973e",
        "type": "github"
      },
      "original": {
        "owner": "rust-lang",
        "ref": "nightly",
        "repo": "rust-analyzer",
        "type": "github"
      }
    },
    "rust-overlay": {
      "inputs": {
        "nixpkgs": [
          "nixpkgs"
        ]
      },
      "locked": {
        "lastModified": 1779592685,
        "narHash": "sha256-p9d56GezhHRf4QfANxwa1d+fvwShvjB5XUhdIl7WEd0=",
        "owner": "oxalica",
        "repo": "rust-overlay",
        "rev": "3a58b199e7c83a80b85c28044f808085ba7e941c",
        "type": "github"
      },
      "original": {
        "owner": "oxalica",
        "repo": "rust-overlay",
        "type": "github"
      }
    },
    "systems": {
      "locked": {
        "lastModified": 1681028828,
        "narHash": "sha256-Vy1rq5AaRuLzOxct8nz4T6wlgyUR7zLU309k9mBC768=",
        "owner": "nix-systems",
        "repo": "default",
        "rev": "da67096a3b9bf56a91d16901293e51ba5b49a27e",
        "type": "github"
      },
      "original": {
        "owner": "nix-systems",
        "repo": "default",
        "type": "github"
      }
    }
  },
  "root": "root",
  "version": 7
}
